
Microsoft Visual Studio Solution File, Format Version 12.00
# Visual Studio Version 16
VisualStudioVersion = 16.0.31205.134
MinimumVisualStudioVersion = 10.0.40219.1
Project("{FAE04EC0-301F-11D3-BF4B-00C04F79EFBC}") = "Chess.Console", "Chess.Console\Chess.Console.csproj", "{4505418B-F252-4084-BE79-7224276555D0}"
EndProject
Project("{FAE04EC0-301F-11D3-BF4B-00C04F79EFBC}") = "Chess.Core", "Chess.Core\Chess.Core.csproj", "{F5810ED4-14DD-4158-BC47-672D628B1BCB}"
EndProject
Project("{FAE04EC0-301F-11D3-BF4B-00C04F79EFBC}") = "Chess.Infraestructure", "Chess.Infraestructure\Chess.Infraestructure.csproj", "{4AB147B2-8CA2-4392-B453-0CD2C32095BC}"
EndProject
Global
	GlobalSection(SolutionConfigurationPlatforms) = preSolution
		Debug|Any CPU = Debug|Any CPU
		Release|Any CPU = Release|Any CPU
	EndGlobalSection
	GlobalSection(ProjectConfigurationPlatforms) = postSolution
		{4505418B-F252-4084-BE79-7224276555D0}.Debug|Any CPU.ActiveCfg = Debug|Any CPU
		{4505418B-F252-4084-BE79-7224276555D0}.Debug|Any CPU.Build.0 = Debug|Any CPU
		{4505418B-F252-4084-BE79-7224276555D0}.Release|Any CPU.ActiveCfg = Release|Any CPU
		{4505418B-F252-4084-BE79-7224276555D0}.Release|Any CPU.Build.0 = Release|Any CPU
		{F5810ED4-14DD-4158-BC47-672D628B1BCB}.Debug|Any CPU.ActiveCfg = Debug|Any CPU
		{F5810ED4-14DD-4158-BC47-672D628B1BCB}.Debug|Any CPU.Build.0 = Debug|Any CPU
		{F5810ED4-14DD-4158-BC47-672D628B1BCB}.Release|Any CPU.ActiveCfg = Release|Any CPU
		{F5810ED4-14DD-4158-BC47-672D628B1BCB}.Release|Any CPU.Build.0 = Release|Any CPU
		{4AB147B2-8CA2-4392-B453-0CD2C32095BC}.Debug|Any CPU.ActiveCfg = Debug|Any CPU
		{4AB147B2-8CA2-4392-B453-0CD2C32095BC}.Debug|Any CPU.Build.0 = Debug|Any CPU
		{4AB147B2-8CA2-4392-B453-0CD2C32095BC}.Release|Any CPU.ActiveCfg = Release|Any CPU
		{4AB147B2-8CA2-4392-B453-0CD2C32095BC}.Release|Any CPU.Build.0 = Release|Any CPU
	EndGlobalSection
	GlobalSection(SolutionProperties) = preSolution
		HideSolutionNode = FALSE
	EndGlobalSection
	GlobalSection(ExtensibilityGlobals) = postSolution
		SolutionGuid = {6071D579-B23D-41DD-B6D4-98DA052FAB52}
	EndGlobalSection
EndGlobal
